
Microsoft Visual Studio Solution File, Format Version 12.00
# Visual Studio Version 17
VisualStudioVersion = 17.7.34221.43
MinimumVisualStudioVersion = 10.0.40219.1
Project("{FAE04EC0-301F-11D3-BF4B-00C04F79EFBC}") = "SkilledCarryWeight", "SkilledCarryWeight.csproj", "{514E7086-65AE-4A2C-BBD8-DE6F61B15341}"
EndProject
Global
	GlobalSection(SolutionConfigurationPlatforms) = preSolution
		Debug|Any CPU = Debug|Any CPU
		Release|Any CPU = Release|Any CPU
	EndGlobalSection
	GlobalSection(ProjectConfigurationPlatforms) = postSolution
		{514E7086-65AE-4A2C-BBD8-DE6F61B15341}.Debug|Any CPU.ActiveCfg = Debug|Any CPU
		{514E7086-65AE-4A2C-BBD8-DE6F61B15341}.Debug|Any CPU.Build.0 = Debug|Any CPU
		{514E7086-65AE-4A2C-BBD8-DE6F61B15341}.Release|Any CPU.ActiveCfg = Release|Any CPU
		{514E7086-65AE-4A2C-BBD8-DE6F61B15341}.Release|Any CPU.Build.0 = Release|Any CPU
	EndGlobalSection
	GlobalSection(SolutionProperties) = preSolution
		HideSolutionNode = FALSE
	EndGlobalSection
	GlobalSection(ExtensibilityGlobals) = postSolution
		SolutionGuid = {F6DC6A51-5A53-453B-8E55-50D08632BFA6}
	EndGlobalSection
EndGlobal
